// !$*UTF8*$!
{
	archiveVersion = 1;
	classes = {
	};
	objectVersion = 48;
	objects = {

/* Begin PBXBuildFile section */
		A718155A1FFA6A530074F359 /* OpenGL.framework in Frameworks */ = {isa = PBXBuildFile; fileRef = A71815591FFA6A490074F359 /* OpenGL.framework */; };
		A718155C1FFA6A6C0074F359 /* libGLEW.2.0.0.dylib in Frameworks */ = {isa = PBXBuildFile; fileRef = A718155B1FFA6A6C0074F359 /* libGLEW.2.0.0.dylib */; };
		A718155E1FFA6A7F0074F359 /* libglfw.3.2.dylib in Frameworks */ = {isa = PBXBuildFile; fileRef = A718155D1FFA6A7F0074F359 /* libglfw.3.2.dylib */; };
		A71815601FFA6A9D0074F359 /* openglmain.cpp in Sources */ = {isa = PBXBuildFile; fileRef = A718155F1FFA6A9D0074F359 /* openglmain.cpp */; };
		A71815661FFA6D400074F359 /* Graphics.cpp in Sources */ = {isa = PBXBuildFile; fileRef = A71815641FFA6D400074F359 /* Graphics.cpp */; };
		A76D9F0A1FF4CC65007B5696 /* PoseEstimation.cpp in Sources */ = {isa = PBXBuildFile; fileRef = A76D9F081FF4CC65007B5696 /* PoseEstimation.cpp */; };
		A76D9F101FF51ECC007B5696 /* Tools.cpp in Sources */ = {isa = PBXBuildFile; fileRef = A76D9F0E1FF51ECC007B5696 /* Tools.cpp */; };
		A7EE74311FE15B0C0095DFB3 /* Markers.cpp in Sources */ = {isa = PBXBuildFile; fileRef = A7EE742F1FE15B0C0095DFB3 /* Markers.cpp */; };
		A7EE74341FE1694A0095DFB3 /* CameraCalibration.cpp in Sources */ = {isa = PBXBuildFile; fileRef = A7EE74321FE1694A0095DFB3 /* CameraCalibration.cpp */; };
/* End PBXBuildFile section */

/* Begin PBXCopyFilesBuildPhase section */
		A7EE74231FE143780095DFB3 /* CopyFiles */ = {
			isa = PBXCopyFilesBuildPhase;
			buildActionMask = 2147483647;
			dstPath = /usr/share/man/man1/;
			dstSubfolderSpec = 0;
			files = (
			);
			runOnlyForDeploymentPostprocessing = 1;
		};
/* End PBXCopyFilesBuildPhase section */

/* Begin PBXFileReference section */
		A71815591FFA6A490074F359 /* OpenGL.framework */ = {isa = PBXFileReference; lastKnownFileType = wrapper.framework; name = OpenGL.framework; path = System/Library/Frameworks/OpenGL.framework; sourceTree = SDKROOT; };
		A718155B1FFA6A6C0074F359 /* libGLEW.2.0.0.dylib */ = {isa = PBXFileReference; lastKnownFileType = "compiled.mach-o.dylib"; name = libGLEW.2.0.0.dylib; path = ../../../../../../../../../usr/local/Cellar/glew/2.0.0/lib/libGLEW.2.0.0.dylib; sourceTree = "<group>"; };
		A718155D1FFA6A7F0074F359 /* libglfw.3.2.dylib */ = {isa = PBXFileReference; lastKnownFileType = "compiled.mach-o.dylib"; name = libglfw.3.2.dylib; path = ../../../../../../../../../usr/local/Cellar/glfw/3.2.1/lib/libglfw.3.2.dylib; sourceTree = "<group>"; };
		A718155F1FFA6A9D0074F359 /* openglmain.cpp */ = {isa = PBXFileReference; lastKnownFileType = sourcecode.cpp.cpp; path = openglmain.cpp; sourceTree = "<group>"; };
		A71815641FFA6D400074F359 /* Graphics.cpp */ = {isa = PBXFileReference; lastKnownFileType = sourcecode.cpp.cpp; path = Graphics.cpp; sourceTree = "<group>"; };
		A71815651FFA6D400074F359 /* Graphics.hpp */ = {isa = PBXFileReference; lastKnownFileType = sourcecode.cpp.h; path = Graphics.hpp; sourceTree = "<group>"; };
		A71815671FFB46400074F359 /* Camera.h */ = {isa = PBXFileReference; lastKnownFileType = sourcecode.c.h; path = Camera.h; sourceTree = "<group>"; };
		A71815681FFB46D70074F359 /* Shader.h */ = {isa = PBXFileReference; lastKnownFileType = sourcecode.c.h; path = Shader.h; sourceTree = "<group>"; };
		A76D9F081FF4CC65007B5696 /* PoseEstimation.cpp */ = {isa = PBXFileReference; lastKnownFileType = sourcecode.cpp.cpp; path = PoseEstimation.cpp; sourceTree = "<group>"; };
		A76D9F091FF4CC65007B5696 /* PoseEstimation.hpp */ = {isa = PBXFileReference; lastKnownFileType = sourcecode.cpp.h; path = PoseEstimation.hpp; sourceTree = "<group>"; };
		A76D9F0E1FF51ECC007B5696 /* Tools.cpp */ = {isa = PBXFileReference; lastKnownFileType = sourcecode.cpp.cpp; path = Tools.cpp; sourceTree = "<group>"; };
		A76D9F0F1FF51ECC007B5696 /* Tools.hpp */ = {isa = PBXFileReference; lastKnownFileType = sourcecode.cpp.h; path = Tools.hpp; sourceTree = "<group>"; };
		A7EE74251FE143780095DFB3 /* ARTest */ = {isa = PBXFileReference; explicitFileType = "compiled.mach-o.executable"; includeInIndex = 0; path = ARTest; sourceTree = BUILT_PRODUCTS_DIR; };
		A7EE742F1FE15B0C0095DFB3 /* Markers.cpp */ = {isa = PBXFileReference; lastKnownFileType = sourcecode.cpp.cpp; path = Markers.cpp; sourceTree = "<group>"; };
		A7EE74301FE15B0C0095DFB3 /* Markers.hpp */ = {isa = PBXFileReference; lastKnownFileType = sourcecode.cpp.h; path = Markers.hpp; sourceTree = "<group>"; };
		A7EE74321FE1694A0095DFB3 /* CameraCalibration.cpp */ = {isa = PBXFileReference; lastKnownFileType = sourcecode.cpp.cpp; path = CameraCalibration.cpp; sourceTree = "<group>"; };
		A7EE74331FE1694A0095DFB3 /* CameraCalibration.hpp */ = {isa = PBXFileReference; lastKnownFileType = sourcecode.cpp.h; path = CameraCalibration.hpp; sourceTree = "<group>"; };
/* End PBXFileReference section */

/* Begin PBXFrameworksBuildPhase section */
		A7EE74221FE143780095DFB3 /* Frameworks */ = {
			isa = PBXFrameworksBuildPhase;
			buildActionMask = 2147483647;
			files = (
				A718155E1FFA6A7F0074F359 /* libglfw.3.2.dylib in Frameworks */,
				A718155C1FFA6A6C0074F359 /* libGLEW.2.0.0.dylib in Frameworks */,
				A718155A1FFA6A530074F359 /* OpenGL.framework in Frameworks */,
			);
			runOnlyForDeploymentPostprocessing = 0;
		};
/* End PBXFrameworksBuildPhase section */

/* Begin PBXGroup section */
		A71815581FFA6A490074F359 /* Frameworks */ = {
			isa = PBXGroup;
			children = (
				A718155D1FFA6A7F0074F359 /* libglfw.3.2.dylib */,
				A718155B1FFA6A6C0074F359 /* libGLEW.2.0.0.dylib */,
				A71815591FFA6A490074F359 /* OpenGL.framework */,
			);
			name = Frameworks;
			sourceTree = "<group>";
		};
		A7EE741C1FE143780095DFB3 = {
			isa = PBXGroup;
			children = (
				A7EE74271FE143780095DFB3 /* ARTest */,
				A7EE74261FE143780095DFB3 /* Products */,
				A71815581FFA6A490074F359 /* Frameworks */,
			);
			sourceTree = "<group>";
		};
		A7EE74261FE143780095DFB3 /* Products */ = {
			isa = PBXGroup;
			children = (
				A7EE74251FE143780095DFB3 /* ARTest */,
			);
			name = Products;
			sourceTree = "<group>";
		};
		A7EE74271FE143780095DFB3 /* ARTest */ = {
			isa = PBXGroup;
			children = (
				A7EE742F1FE15B0C0095DFB3 /* Markers.cpp */,
				A7EE74301FE15B0C0095DFB3 /* Markers.hpp */,
				A76D9F081FF4CC65007B5696 /* PoseEstimation.cpp */,
				A76D9F091FF4CC65007B5696 /* PoseEstimation.hpp */,
				A7EE74321FE1694A0095DFB3 /* CameraCalibration.cpp */,
				A7EE74331FE1694A0095DFB3 /* CameraCalibration.hpp */,
				A76D9F0E1FF51ECC007B5696 /* Tools.cpp */,
				A76D9F0F1FF51ECC007B5696 /* Tools.hpp */,
				A718155F1FFA6A9D0074F359 /* openglmain.cpp */,
				A71815641FFA6D400074F359 /* Graphics.cpp */,
				A71815651FFA6D400074F359 /* Graphics.hpp */,
				A71815671FFB46400074F359 /* Camera.h */,
				A71815681FFB46D70074F359 /* Shader.h */,
			);
			path = ARTest;
			sourceTree = "<group>";
		};
/* End PBXGroup section */

/* Begin PBXNativeTarget section */
		A7EE74241FE143780095DFB3 /* ARTest */ = {
			isa = PBXNativeTarget;
			buildConfigurationList = A7EE742C1FE143780095DFB3 /* Build configuration list for PBXNativeTarget "ARTest" */;
			buildPhases = (
				A7EE74211FE143780095DFB3 /* Sources */,
				A7EE74221FE143780095DFB3 /* Frameworks */,
				A7EE74231FE143780095DFB3 /* CopyFiles */,
			);
			buildRules = (
			);
			dependencies = (
			);
			name = ARTest;
			productName = ARTest;
			productReference = A7EE74251FE143780095DFB3 /* ARTest */;
			productType = "com.apple.product-type.tool";
		};
/* End PBXNativeTarget section */

/* Begin PBXProject section */
		A7EE741D1FE143780095DFB3 /* Project object */ = {
			isa = PBXProject;
			attributes = {
				KnownAssetTags = (
					New,
				);
				LastUpgradeCheck = 0910;
				ORGANIZATIONNAME = "郭子乐";
				TargetAttributes = {
					A7EE74241FE143780095DFB3 = {
						CreatedOnToolsVersion = 9.1;
						ProvisioningStyle = Automatic;
					};
				};
			};
			buildConfigurationList = A7EE74201FE143780095DFB3 /* Build configuration list for PBXProject "ARTest" */;
			compatibilityVersion = "Xcode 8.0";
			developmentRegion = en;
			hasScannedForEncodings = 0;
			knownRegions = (
				en,
			);
			mainGroup = A7EE741C1FE143780095DFB3;
			productRefGroup = A7EE74261FE143780095DFB3 /* Products */;
			projectDirPath = "";
			projectRoot = "";
			targets = (
				A7EE74241FE143780095DFB3 /* ARTest */,
			);
		};
/* End PBXProject section */

/* Begin PBXSourcesBuildPhase section */
		A7EE74211FE143780095DFB3 /* Sources */ = {
			isa = PBXSourcesBuildPhase;
			buildActionMask = 2147483647;
			files = (
				A7EE74341FE1694A0095DFB3 /* CameraCalibration.cpp in Sources */,
				A76D9F101FF51ECC007B5696 /* Tools.cpp in Sources */,
				A7EE74311FE15B0C0095DFB3 /* Markers.cpp in Sources */,
				A76D9F0A1FF4CC65007B5696 /* PoseEstimation.cpp in Sources */,
				A71815661FFA6D400074F359 /* Graphics.cpp in Sources */,
				A71815601FFA6A9D0074F359 /* openglmain.cpp in Sources */,
			);
			runOnlyForDeploymentPostprocessing = 0;
		};
/* End PBXSourcesBuildPhase section */

/* Begin XCBuildConfiguration section */
		A7EE742A1FE143780095DFB3 /* Debug */ = {
			isa = XCBuildConfiguration;
			buildSettings = {
				ALWAYS_SEARCH_USER_PATHS = NO;
				CLANG_ANALYZER_NONNULL = YES;
				CLANG_ANALYZER_NUMBER_OBJECT_CONVERSION = YES_AGGRESSIVE;
				CLANG_CXX_LANGUAGE_STANDARD = "gnu++14";
				CLANG_CXX_LIBRARY = "libc++";
				CLANG_ENABLE_MODULES = YES;
				CLANG_ENABLE_OBJC_ARC = YES;
				CLANG_WARN_BLOCK_CAPTURE_AUTORELEASING = YES;
				CLANG_WARN_BOOL_CONVERSION = YES;
				CLANG_WARN_COMMA = YES;
				CLANG_WARN_CONSTANT_CONVERSION = YES;
				CLANG_WARN_DIRECT_OBJC_ISA_USAGE = YES_ERROR;
				CLANG_WARN_DOCUMENTATION_COMMENTS = YES;
				CLANG_WARN_EMPTY_BODY = YES;
				CLANG_WARN_ENUM_CONVERSION = YES;
				CLANG_WARN_INFINITE_RECURSION = YES;
				CLANG_WARN_INT_CONVERSION = YES;
				CLANG_WARN_NON_LITERAL_NULL_CONVERSION = YES;
				CLANG_WARN_OBJC_LITERAL_CONVERSION = YES;
				CLANG_WARN_OBJC_ROOT_CLASS = YES_ERROR;
				CLANG_WARN_RANGE_LOOP_ANALYSIS = YES;
				CLANG_WARN_STRICT_PROTOTYPES = YES;
				CLANG_WARN_SUSPICIOUS_MOVE = YES;
				CLANG_WARN_UNGUARDED_AVAILABILITY = YES_AGGRESSIVE;
				CLANG_WARN_UNREACHABLE_CODE = YES;
				CLANG_WARN__DUPLICATE_METHOD_MATCH = YES;
				CODE_SIGN_IDENTITY = "Mac Developer";
				COPY_PHASE_STRIP = NO;
				DEBUG_INFORMATION_FORMAT = dwarf;
				ENABLE_STRICT_OBJC_MSGSEND = YES;
				ENABLE_TESTABILITY = YES;
				GCC_C_LANGUAGE_STANDARD = gnu11;
				GCC_DYNAMIC_NO_PIC = NO;
				GCC_NO_COMMON_BLOCKS = YES;
				GCC_OPTIMIZATION_LEVEL = 0;
				GCC_PREPROCESSOR_DEFINITIONS = (
					"DEBUG=1",
					"$(inherited)",
				);
				GCC_WARN_64_TO_32_BIT_CONVERSION = YES;
				GCC_WARN_ABOUT_RETURN_TYPE = YES_ERROR;
				GCC_WARN_UNDECLARED_SELECTOR = YES;
				GCC_WARN_UNINITIALIZED_AUTOS = YES_AGGRESSIVE;
				GCC_WARN_UNUSED_FUNCTION = YES;
				GCC_WARN_UNUSED_VARIABLE = YES;
				MACOSX_DEPLOYMENT_TARGET = 10.12;
				MTL_ENABLE_DEBUG_INFO = YES;
				ONLY_ACTIVE_ARCH = YES;
				SDKROOT = macosx;
			};
			name = Debug;
		};
		A7EE742B1FE143780095DFB3 /* Release */ = {
			isa = XCBuildConfiguration;
			buildSettings = {
				ALWAYS_SEARCH_USER_PATHS = NO;
				CLANG_ANALYZER_NONNULL = YES;
				CLANG_ANALYZER_NUMBER_OBJECT_CONVERSION = YES_AGGRESSIVE;
				CLANG_CXX_LANGUAGE_STANDARD = "gnu++14";
				CLANG_CXX_LIBRARY = "libc++";
				CLANG_ENABLE_MODULES = YES;
				CLANG_ENABLE_OBJC_ARC = YES;
				CLANG_WARN_BLOCK_CAPTURE_AUTORELEASING = YES;
				CLANG_WARN_BOOL_CONVERSION = YES;
				CLANG_WARN_COMMA = YES;
				CLANG_WARN_CONSTANT_CONVERSION = YES;
				CLANG_WARN_DIRECT_OBJC_ISA_USAGE = YES_ERROR;
				CLANG_WARN_DOCUMENTATION_COMMENTS = YES;
				CLANG_WARN_EMPTY_BODY = YES;
				CLANG_WARN_ENUM_CONVERSION = YES;
				CLANG_WARN_INFINITE_RECURSION = YES;
				CLANG_WARN_INT_CONVERSION = YES;
				CLANG_WARN_NON_LITERAL_NULL_CONVERSION = YES;
				CLANG_WARN_OBJC_LITERAL_CONVERSION = YES;
				CLANG_WARN_OBJC_ROOT_CLASS = YES_ERROR;
				CLANG_WARN_RANGE_LOOP_ANALYSIS = YES;
				CLANG_WARN_STRICT_PROTOTYPES = YES;
				CLANG_WARN_SUSPICIOUS_MOVE = YES;
				CLANG_WARN_UNGUARDED_AVAILABILITY = YES_AGGRESSIVE;
				CLANG_WARN_UNREACHABLE_CODE = YES;
				CLANG_WARN__DUPLICATE_METHOD_MATCH = YES;
				CODE_SIGN_IDENTITY = "Mac Developer";
				COPY_PHASE_STRIP = NO;
				DEBUG_INFORMATION_FORMAT = "dwarf-with-dsym";
				ENABLE_NS_ASSERTIONS = NO;
				ENABLE_STRICT_OBJC_MSGSEND = YES;
				GCC_C_LANGUAGE_STANDARD = gnu11;
				GCC_NO_COMMON_BLOCKS = YES;
				GCC_WARN_64_TO_32_BIT_CONVERSION = YES;
				GCC_WARN_ABOUT_RETURN_TYPE = YES_ERROR;
				GCC_WARN_UNDECLARED_SELECTOR = YES;
				GCC_WARN_UNINITIALIZED_AUTOS = YES_AGGRESSIVE;
				GCC_WARN_UNUSED_FUNCTION = YES;
				GCC_WARN_UNUSED_VARIABLE = YES;
				MACOSX_DEPLOYMENT_TARGET = 10.12;
				MTL_ENABLE_DEBUG_INFO = NO;
				SDKROOT = macosx;
			};
			name = Release;
		};
		A7EE742D1FE143780095DFB3 /* Debug */ = {
			isa = XCBuildConfiguration;
			buildSettings = {
				CODE_SIGN_STYLE = Automatic;
				DEVELOPMENT_TEAM = Y2ZD568S42;
				HEADER_SEARCH_PATHS = (
					/usr/local/Cellar/opencv3/3.2.0/include,
					/usr/local/Cellar/opencv3/3.2.0/include/opencv2,
					"$(glew_header)",
					"$(glfw_header)",
					"$(glm_header)",
				);
				LIBRARY_SEARCH_PATHS = (
					/usr/local/Cellar/opencv3/3.2.0/lib,
					"$(glm_lib)",
					"$(glfw_lib)",
					"$(glew_lib)",
					/usr/local/Cellar/glew/2.0.0/lib,
					/usr/local/Cellar/glfw/3.2.1/lib,
				);
				OTHER_LDFLAGS = (
					"-lopencv_calib3d",
					"-lopencv_core",
					"-lopencv_features2d",
					"-lopencv_flann",
					"-lopencv_highgui",
					"-lopencv_imgcodecs",
					"-lopencv_imgproc",
					"-lopencv_ml",
					"-lopencv_objdetect",
					"-lopencv_photo",
					"-lopencv_shape",
					"-lopencv_stitching",
					"-lopencv_superres",
					"-lopencv_video",
					"-lopencv_videoio",
					"-lopencv_videostab",
					"-lopencv_aruco",
				);
				PRODUCT_NAME = "$(TARGET_NAME)";
			};
			name = Debug;
		};
		A7EE742E1FE143780095DFB3 /* Release */ = {
			isa = XCBuildConfiguration;
			buildSettings = {
				CODE_SIGN_STYLE = Automatic;
				DEVELOPMENT_TEAM = Y2ZD568S42;
				HEADER_SEARCH_PATHS = (
					/usr/local/Cellar/opencv3/3.2.0/include,
					/usr/local/Cellar/opencv3/3.2.0/include/opencv2,
					"$(glew_header)",
					"$(glfw_header)",
					"$(glm_header)",
				);
				LIBRARY_SEARCH_PATHS = (
					/usr/local/Cellar/opencv3/3.2.0/lib,
					"$(glm_lib)",
					"$(glfw_lib)",
					"$(glew_lib)",
					/usr/local/Cellar/glew/2.0.0/lib,
					/usr/local/Cellar/glfw/3.2.1/lib,
				);
				OTHER_LDFLAGS = (
					"-lopencv_calib3d",
					"-lopencv_core",
					"-lopencv_features2d",
					"-lopencv_flann",
					"-lopencv_highgui",
					"-lopencv_imgcodecs",
					"-lopencv_imgproc",
					"-lopencv_ml",
					"-lopencv_objdetect",
					"-lopencv_photo",
					"-lopencv_shape",
					"-lopencv_stitching",
					"-lopencv_superres",
					"-lopencv_video",
					"-lopencv_videoio",
					"-lopencv_videostab",
					"-lopencv_aruco",
				);
				PRODUCT_NAME = "$(TARGET_NAME)";
			};
			name = Release;
		};
/* End XCBuildConfiguration section */

/* Begin XCConfigurationList section */
		A7EE74201FE143780095DFB3 /* Build configuration list for PBXProject "ARTest" */ = {
			isa = XCConfigurationList;
			buildConfigurations = (
				A7EE742A1FE143780095DFB3 /* Debug */,
				A7EE742B1FE143780095DFB3 /* Release */,
			);
			defaultConfigurationIsVisible = 0;
			defaultConfigurationName = Release;
		};
		A7EE742C1FE143780095DFB3 /* Build configuration list for PBXNativeTarget "ARTest" */ = {
			isa = XCConfigurationList;
			buildConfigurations = (
				A7EE742D1FE143780095DFB3 /* Debug */,
				A7EE742E1FE143780095DFB3 /* Release */,
			);
			defaultConfigurationIsVisible = 0;
			defaultConfigurationName = Release;
		};
/* End XCConfigurationList section */
	};
	rootObject = A7EE741D1FE143780095DFB3 /* Project object */;
}
